// !$*UTF8*$!
{
	archiveVersion = 1;
	classes = {
	};
	objectVersion = 56;
	objects = {

/* Begin PBXBuildFile section */
		0908675329278F0E000B8951 /* Loading.swift in Sources */ = {isa = PBXBuildFile; fileRef = 0908675229278F0E000B8951 /* Loading.swift */; };
		9073802D292289E200765E05 /* correct.wav in Resources */ = {isa = PBXBuildFile; fileRef = 9073802B292289E100765E05 /* correct.wav */; };
		9073802E292289E200765E05 /* false.wav in Resources */ = {isa = PBXBuildFile; fileRef = 9073802C292289E200765E05 /* false.wav */; };
		9073804F2926151500765E05 /* historyFeedbackView.swift in Sources */ = {isa = PBXBuildFile; fileRef = 9073804E2926151500765E05 /* historyFeedbackView.swift */; };
		90776D25291A426300B04006 /* testView.swift in Sources */ = {isa = PBXBuildFile; fileRef = 90776D24291A426300B04006 /* testView.swift */; };
		90776D28291A427D00B04006 /* testDataView.swift in Sources */ = {isa = PBXBuildFile; fileRef = 90776D27291A427D00B04006 /* testDataView.swift */; };
		90776D2B291CE62500B04006 /* MicManager.swift in Sources */ = {isa = PBXBuildFile; fileRef = 90776D29291CE62500B04006 /* MicManager.swift */; };
		90776D2C291CE62500B04006 /* VisualBarView.swift in Sources */ = {isa = PBXBuildFile; fileRef = 90776D2A291CE62500B04006 /* VisualBarView.swift */; };
		90776D2F291CE66100B04006 /* testSoundView.swift in Sources */ = {isa = PBXBuildFile; fileRef = 90776D2E291CE66100B04006 /* testSoundView.swift */; };
		90BAE1B329015C3C002B9889 /* storyData.swift in Sources */ = {isa = PBXBuildFile; fileRef = 90BAE1B229015C3C002B9889 /* storyData.swift */; };
		90BAE1B529015C4C002B9889 /* backgroundview.swift in Sources */ = {isa = PBXBuildFile; fileRef = 90BAE1B429015C4C002B9889 /* backgroundview.swift */; };
		90BAE1B729015C60002B9889 /* storyDetailData.swift in Sources */ = {isa = PBXBuildFile; fileRef = 90BAE1B629015C60002B9889 /* storyDetailData.swift */; };
		90BAE1BA29015C89002B9889 /* SwiftUISpeech.swift in Sources */ = {isa = PBXBuildFile; fileRef = 90BAE1B929015C89002B9889 /* SwiftUISpeech.swift */; };
		90BAE1BC29015CF7002B9889 /* SpeechButton.swift in Sources */ = {isa = PBXBuildFile; fileRef = 90BAE1BB29015CF7002B9889 /* SpeechButton.swift */; };
		90BAE1C029015E10002B9889 /* AlertX in Frameworks */ = {isa = PBXBuildFile; productRef = 90BAE1BF29015E10002B9889 /* AlertX */; };
		90BAE1C229015EE3002B9889 /* feedbackView.swift in Sources */ = {isa = PBXBuildFile; fileRef = 90BAE1C129015EE3002B9889 /* feedbackView.swift */; };
		90BAE1C629016042002B9889 /* NegotiationView.swift in Sources */ = {isa = PBXBuildFile; fileRef = 90BAE1C529016042002B9889 /* NegotiationView.swift */; };
		B20B2D8828E6B7EB007E690D /* TheoryView.swift in Sources */ = {isa = PBXBuildFile; fileRef = B20B2D8728E6B7EB007E690D /* TheoryView.swift */; };
		B222286C29068AD300E8F30D /* MatrixFeedback.swift in Sources */ = {isa = PBXBuildFile; fileRef = B222286B29068AD300E8F30D /* MatrixFeedback.swift */; };
		B264AA1A29293EAB0094ECE0 /* lari100%.gif in Resources */ = {isa = PBXBuildFile; fileRef = B264AA1929293EAB0094ECE0 /* lari100%.gif */; };
		B26DC7D8291933E100FF5688 /* NetworkMonitor.swift in Sources */ = {isa = PBXBuildFile; fileRef = B26DC7D7291933E100FF5688 /* NetworkMonitor.swift */; };
		B282501A28FE90DE00450060 /* TheoryKnowledgeView.swift in Sources */ = {isa = PBXBuildFile; fileRef = B282501928FE90DE00450060 /* TheoryKnowledgeView.swift */; };
		B282501C28FE910600450060 /* Knowledge.swift in Sources */ = {isa = PBXBuildFile; fileRef = B282501B28FE910600450060 /* Knowledge.swift */; };
		B2825020290010D500450060 /* Matrix.swift in Sources */ = {isa = PBXBuildFile; fileRef = B282501F290010D500450060 /* Matrix.swift */; };
		B2825024290011DA00450060 /* TheoryMatrixView.swift in Sources */ = {isa = PBXBuildFile; fileRef = B2825023290011DA00450060 /* TheoryMatrixView.swift */; };
		B28DE561291E276C00FAD855 /* GifImage.swift in Sources */ = {isa = PBXBuildFile; fileRef = B28DE560291E276C00FAD855 /* GifImage.swift */; };
		B28DE56B292230B200FAD855 /* LoopingPlayer.swift in Sources */ = {isa = PBXBuildFile; fileRef = B28DE56A292230B200FAD855 /* LoopingPlayer.swift */; };
		B2A90BF628E18CA800650F1C /* macroProjectApp.swift in Sources */ = {isa = PBXBuildFile; fileRef = B2A90BF528E18CA800650F1C /* macroProjectApp.swift */; };
		B2A90BF828E18CA800650F1C /* ContentView.swift in Sources */ = {isa = PBXBuildFile; fileRef = B2A90BF728E18CA800650F1C /* ContentView.swift */; };
		B2A90BFA28E18CA900650F1C /* Assets.xcassets in Resources */ = {isa = PBXBuildFile; fileRef = B2A90BF928E18CA900650F1C /* Assets.xcassets */; };
		B2A90BFD28E18CA900650F1C /* Preview Assets.xcassets in Resources */ = {isa = PBXBuildFile; fileRef = B2A90BFC28E18CA900650F1C /* Preview Assets.xcassets */; };
		B2A90BFF28E18CA900650F1C /* Persistence.swift in Sources */ = {isa = PBXBuildFile; fileRef = B2A90BFE28E18CA900650F1C /* Persistence.swift */; };
		B2A90C0228E18CA900650F1C /* macroProject.xcdatamodeld in Sources */ = {isa = PBXBuildFile; fileRef = B2A90C0028E18CA900650F1C /* macroProject.xcdatamodeld */; };
		B2A90C0D28E2DDBE00650F1C /* HomeView.swift in Sources */ = {isa = PBXBuildFile; fileRef = B2A90C0C28E2DDBE00650F1C /* HomeView.swift */; };
		B2B9FAC129239A8D005E87D2 /* full_medal.gif in Resources */ = {isa = PBXBuildFile; fileRef = B2B9FABE29239A8C005E87D2 /* full_medal.gif */; };
		B2B9FAC229239A8D005E87D2 /* half_medal.gif in Resources */ = {isa = PBXBuildFile; fileRef = B2B9FABF29239A8D005E87D2 /* half_medal.gif */; };
		B2B9FAC329239A8D005E87D2 /* no_medal.gif in Resources */ = {isa = PBXBuildFile; fileRef = B2B9FAC029239A8D005E87D2 /* no_medal.gif */; };
		B2C62CC028E6E8D30004B988 /* TutorialView.swift in Sources */ = {isa = PBXBuildFile; fileRef = B2C62CBF28E6E8D30004B988 /* TutorialView.swift */; };
		B2C62CC228E6E8DD0004B988 /* HistoryView.swift in Sources */ = {isa = PBXBuildFile; fileRef = B2C62CC128E6E8DD0004B988 /* HistoryView.swift */; };
		B2CF226629078A1700C08247 /* ConfidenceFeedback.swift in Sources */ = {isa = PBXBuildFile; fileRef = B2CF226529078A1700C08247 /* ConfidenceFeedback.swift */; };
/* End PBXBuildFile section */

/* Begin PBXFileReference section */
		0908675229278F0E000B8951 /* Loading.swift */ = {isa = PBXFileReference; lastKnownFileType = sourcecode.swift; path = Loading.swift; sourceTree = "<group>"; };
		9073802B292289E100765E05 /* correct.wav */ = {isa = PBXFileReference; lastKnownFileType = audio.wav; path = correct.wav; sourceTree = "<group>"; };
		9073802C292289E200765E05 /* false.wav */ = {isa = PBXFileReference; lastKnownFileType = audio.wav; path = false.wav; sourceTree = "<group>"; };
		9073804E2926151500765E05 /* historyFeedbackView.swift */ = {isa = PBXFileReference; lastKnownFileType = sourcecode.swift; path = historyFeedbackView.swift; sourceTree = "<group>"; };
		90776D24291A426300B04006 /* testView.swift */ = {isa = PBXFileReference; lastKnownFileType = sourcecode.swift; path = testView.swift; sourceTree = "<group>"; };
		90776D27291A427D00B04006 /* testDataView.swift */ = {isa = PBXFileReference; lastKnownFileType = sourcecode.swift; path = testDataView.swift; sourceTree = "<group>"; };
		90776D29291CE62500B04006 /* MicManager.swift */ = {isa = PBXFileReference; fileEncoding = 4; lastKnownFileType = sourcecode.swift; path = MicManager.swift; sourceTree = "<group>"; };
		90776D2A291CE62500B04006 /* VisualBarView.swift */ = {isa = PBXFileReference; fileEncoding = 4; lastKnownFileType = sourcecode.swift; path = VisualBarView.swift; sourceTree = "<group>"; };
		90776D2E291CE66100B04006 /* testSoundView.swift */ = {isa = PBXFileReference; lastKnownFileType = sourcecode.swift; path = testSoundView.swift; sourceTree = "<group>"; };
		90BAE1B229015C3C002B9889 /* storyData.swift */ = {isa = PBXFileReference; fileEncoding = 4; lastKnownFileType = sourcecode.swift; path = storyData.swift; sourceTree = "<group>"; };
		90BAE1B429015C4C002B9889 /* backgroundview.swift */ = {isa = PBXFileReference; fileEncoding = 4; lastKnownFileType = sourcecode.swift; path = backgroundview.swift; sourceTree = "<group>"; };
		90BAE1B629015C60002B9889 /* storyDetailData.swift */ = {isa = PBXFileReference; fileEncoding = 4; lastKnownFileType = sourcecode.swift; path = storyDetailData.swift; sourceTree = "<group>"; };
		90BAE1B929015C89002B9889 /* SwiftUISpeech.swift */ = {isa = PBXFileReference; fileEncoding = 4; lastKnownFileType = sourcecode.swift; path = SwiftUISpeech.swift; sourceTree = "<group>"; };
		90BAE1BB29015CF7002B9889 /* SpeechButton.swift */ = {isa = PBXFileReference; fileEncoding = 4; lastKnownFileType = sourcecode.swift; path = SpeechButton.swift; sourceTree = "<group>"; };
		90BAE1C129015EE3002B9889 /* feedbackView.swift */ = {isa = PBXFileReference; fileEncoding = 4; lastKnownFileType = sourcecode.swift; path = feedbackView.swift; sourceTree = "<group>"; };
		90BAE1C529016042002B9889 /* NegotiationView.swift */ = {isa = PBXFileReference; lastKnownFileType = sourcecode.swift; path = NegotiationView.swift; sourceTree = "<group>"; };
		B20B2D8728E6B7EB007E690D /* TheoryView.swift */ = {isa = PBXFileReference; lastKnownFileType = sourcecode.swift; path = TheoryView.swift; sourceTree = "<group>"; };
		B222286B29068AD300E8F30D /* MatrixFeedback.swift */ = {isa = PBXFileReference; lastKnownFileType = sourcecode.swift; path = MatrixFeedback.swift; sourceTree = "<group>"; };
		B264AA1929293EAB0094ECE0 /* lari100%.gif */ = {isa = PBXFileReference; lastKnownFileType = image.gif; path = "lari100%.gif"; sourceTree = "<group>"; };
		B26DC7D7291933E100FF5688 /* NetworkMonitor.swift */ = {isa = PBXFileReference; lastKnownFileType = sourcecode.swift; path = NetworkMonitor.swift; sourceTree = "<group>"; };
		B282501928FE90DE00450060 /* TheoryKnowledgeView.swift */ = {isa = PBXFileReference; lastKnownFileType = sourcecode.swift; path = TheoryKnowledgeView.swift; sourceTree = "<group>"; };
		B282501B28FE910600450060 /* Knowledge.swift */ = {isa = PBXFileReference; lastKnownFileType = sourcecode.swift; path = Knowledge.swift; sourceTree = "<group>"; };
		B282501F290010D500450060 /* Matrix.swift */ = {isa = PBXFileReference; lastKnownFileType = sourcecode.swift; path = Matrix.swift; sourceTree = "<group>"; };
		B2825023290011DA00450060 /* TheoryMatrixView.swift */ = {isa = PBXFileReference; lastKnownFileType = sourcecode.swift; path = TheoryMatrixView.swift; sourceTree = "<group>"; };
		B28DE560291E276C00FAD855 /* GifImage.swift */ = {isa = PBXFileReference; lastKnownFileType = sourcecode.swift; path = GifImage.swift; sourceTree = "<group>"; };
		B28DE56A292230B200FAD855 /* LoopingPlayer.swift */ = {isa = PBXFileReference; lastKnownFileType = sourcecode.swift; path = LoopingPlayer.swift; sourceTree = "<group>"; };
		B2A90BF228E18CA800650F1C /* Negotio.app */ = {isa = PBXFileReference; explicitFileType = wrapper.application; includeInIndex = 0; path = Negotio.app; sourceTree = BUILT_PRODUCTS_DIR; };
		B2A90BF528E18CA800650F1C /* macroProjectApp.swift */ = {isa = PBXFileReference; lastKnownFileType = sourcecode.swift; path = macroProjectApp.swift; sourceTree = "<group>"; };
		B2A90BF728E18CA800650F1C /* ContentView.swift */ = {isa = PBXFileReference; lastKnownFileType = sourcecode.swift; path = ContentView.swift; sourceTree = "<group>"; };
		B2A90BF928E18CA900650F1C /* Assets.xcassets */ = {isa = PBXFileReference; lastKnownFileType = folder.assetcatalog; path = Assets.xcassets; sourceTree = "<group>"; };
		B2A90BFC28E18CA900650F1C /* Preview Assets.xcassets */ = {isa = PBXFileReference; lastKnownFileType = folder.assetcatalog; path = "Preview Assets.xcassets"; sourceTree = "<group>"; };
		B2A90BFE28E18CA900650F1C /* Persistence.swift */ = {isa = PBXFileReference; lastKnownFileType = sourcecode.swift; path = Persistence.swift; sourceTree = "<group>"; };
		B2A90C0128E18CA900650F1C /* macroProject.xcdatamodel */ = {isa = PBXFileReference; lastKnownFileType = wrapper.xcdatamodel; path = macroProject.xcdatamodel; sourceTree = "<group>"; };
		B2A90C0C28E2DDBE00650F1C /* HomeView.swift */ = {isa = PBXFileReference; lastKnownFileType = sourcecode.swift; path = HomeView.swift; sourceTree = "<group>"; };
		B2B9FABE29239A8C005E87D2 /* full_medal.gif */ = {isa = PBXFileReference; lastKnownFileType = image.gif; path = full_medal.gif; sourceTree = "<group>"; };
		B2B9FABF29239A8D005E87D2 /* half_medal.gif */ = {isa = PBXFileReference; lastKnownFileType = image.gif; path = half_medal.gif; sourceTree = "<group>"; };
		B2B9FAC029239A8D005E87D2 /* no_medal.gif */ = {isa = PBXFileReference; lastKnownFileType = image.gif; path = no_medal.gif; sourceTree = "<group>"; };
		B2C62CBF28E6E8D30004B988 /* TutorialView.swift */ = {isa = PBXFileReference; lastKnownFileType = sourcecode.swift; path = TutorialView.swift; sourceTree = "<group>"; };
		B2C62CC128E6E8DD0004B988 /* HistoryView.swift */ = {isa = PBXFileReference; lastKnownFileType = sourcecode.swift; path = HistoryView.swift; sourceTree = "<group>"; };
		B2CF226529078A1700C08247 /* ConfidenceFeedback.swift */ = {isa = PBXFileReference; lastKnownFileType = sourcecode.swift; path = ConfidenceFeedback.swift; sourceTree = "<group>"; };
/* End PBXFileReference section */

/* Begin PBXFrameworksBuildPhase section */
		B2A90BEF28E18CA800650F1C /* Frameworks */ = {
			isa = PBXFrameworksBuildPhase;
			buildActionMask = 2147483647;
			files = (
				90BAE1C029015E10002B9889 /* AlertX in Frameworks */,
			);
			runOnlyForDeploymentPostprocessing = 0;
		};
/* End PBXFrameworksBuildPhase section */

/* Begin PBXGroup section */
		90BAE1B129015C1B002B9889 /* View */ = {
			isa = PBXGroup;
			children = (
				90BAE1B429015C4C002B9889 /* backgroundview.swift */,
				90776D24291A426300B04006 /* testView.swift */,
				90776D2E291CE66100B04006 /* testSoundView.swift */,
				90776D27291A427D00B04006 /* testDataView.swift */,
				90BAE1C529016042002B9889 /* NegotiationView.swift */,
				90BAE1C129015EE3002B9889 /* feedbackView.swift */,
				9073804E2926151500765E05 /* historyFeedbackView.swift */,
				B20B2D8728E6B7EB007E690D /* TheoryView.swift */,
				B2C62CBF28E6E8D30004B988 /* TutorialView.swift */,
				B2C62CC128E6E8DD0004B988 /* HistoryView.swift */,
				B2A90C0C28E2DDBE00650F1C /* HomeView.swift */,
				0908675229278F0E000B8951 /* Loading.swift */,
			);
			path = View;
			sourceTree = "<group>";
		};
		90BAE1B829015C72002B9889 /* Model */ = {
			isa = PBXGroup;
			children = (
				90BAE1B929015C89002B9889 /* SwiftUISpeech.swift */,
				90776D29291CE62500B04006 /* MicManager.swift */,
				90776D2A291CE62500B04006 /* VisualBarView.swift */,
			);
			path = Model;
			sourceTree = "<group>";
		};
		90BAE1BD29015D1D002B9889 /* Model View */ = {
			isa = PBXGroup;
			children = (
				90BAE1BB29015CF7002B9889 /* SpeechButton.swift */,
			);
			path = "Model View";
			sourceTree = "<group>";
		};
		B222286A29068AB200E8F30D /* FeedbackSubView */ = {
			isa = PBXGroup;
			children = (
				B222286B29068AD300E8F30D /* MatrixFeedback.swift */,
				B2CF226529078A1700C08247 /* ConfidenceFeedback.swift */,
			);
			path = FeedbackSubView;
			sourceTree = "<group>";
		};
		B26DC7D9291934E400FF5688 /* Network */ = {
			isa = PBXGroup;
			children = (
				B26DC7D7291933E100FF5688 /* NetworkMonitor.swift */,
			);
			path = Network;
			sourceTree = "<group>";
		};
		B282502529004F1600450060 /* theoryData */ = {
			isa = PBXGroup;
			children = (
				90BAE1B629015C60002B9889 /* storyDetailData.swift */,
				90BAE1B229015C3C002B9889 /* storyData.swift */,
				B282501F290010D500450060 /* Matrix.swift */,
				B282501B28FE910600450060 /* Knowledge.swift */,
			);
			path = theoryData;
			sourceTree = "<group>";
		};
		B282502629004F2F00450060 /* theorySubView */ = {
			isa = PBXGroup;
			children = (
				B2825023290011DA00450060 /* TheoryMatrixView.swift */,
				B282501928FE90DE00450060 /* TheoryKnowledgeView.swift */,
			);
			path = theorySubView;
			sourceTree = "<group>";
		};
		B2A90BE928E18CA800650F1C = {
			isa = PBXGroup;
			children = (
				B2A90BF428E18CA800650F1C /* macroProject */,
				B2A90BF328E18CA800650F1C /* Products */,
			);
			sourceTree = "<group>";
		};
		B2A90BF328E18CA800650F1C /* Products */ = {
			isa = PBXGroup;
			children = (
				B2A90BF228E18CA800650F1C /* Negotio.app */,
			);
			name = Products;
			sourceTree = "<group>";
		};
		B2A90BF428E18CA800650F1C /* macroProject */ = {
			isa = PBXGroup;
			children = (
				B222286A29068AB200E8F30D /* FeedbackSubView */,
				B282502629004F2F00450060 /* theorySubView */,
				B282502529004F1600450060 /* theoryData */,
				90BAE1BD29015D1D002B9889 /* Model View */,
				90BAE1B829015C72002B9889 /* Model */,
				90BAE1B129015C1B002B9889 /* View */,
				B26DC7D9291934E400FF5688 /* Network */,
				B2A90BF728E18CA800650F1C /* ContentView.swift */,
				B2A90BF528E18CA800650F1C /* macroProjectApp.swift */,
				B264AA1929293EAB0094ECE0 /* lari100%.gif */,
				B2B9FABE29239A8C005E87D2 /* full_medal.gif */,
				B2B9FABF29239A8D005E87D2 /* half_medal.gif */,
				B2B9FAC029239A8D005E87D2 /* no_medal.gif */,
				B28DE56A292230B200FAD855 /* LoopingPlayer.swift */,
				B28DE560291E276C00FAD855 /* GifImage.swift */,
				B2A90BF928E18CA900650F1C /* Assets.xcassets */,
				9073802B292289E100765E05 /* correct.wav */,
				9073802C292289E200765E05 /* false.wav */,
				B2A90BFE28E18CA900650F1C /* Persistence.swift */,
				B2A90C0028E18CA900650F1C /* macroProject.xcdatamodeld */,
				B2A90BFB28E18CA900650F1C /* Preview Content */,
			);
			path = macroProject;
			sourceTree = "<group>";
		};
		B2A90BFB28E18CA900650F1C /* Preview Content */ = {
			isa = PBXGroup;
			children = (
				B2A90BFC28E18CA900650F1C /* Preview Assets.xcassets */,
			);
			path = "Preview Content";
			sourceTree = "<group>";
		};
/* End PBXGroup section */

/* Begin PBXNativeTarget section */
		B2A90BF128E18CA800650F1C /* macroProject */ = {
			isa = PBXNativeTarget;
			buildConfigurationList = B2A90C0528E18CA900650F1C /* Build configuration list for PBXNativeTarget "macroProject" */;
			buildPhases = (
				B2A90BEE28E18CA800650F1C /* Sources */,
				B2A90BEF28E18CA800650F1C /* Frameworks */,
				B2A90BF028E18CA800650F1C /* Resources */,
			);
			buildRules = (
			);
			dependencies = (
			);
			name = macroProject;
			packageProductDependencies = (
				90BAE1BF29015E10002B9889 /* AlertX */,
			);
			productName = macroProject;
			productReference = B2A90BF228E18CA800650F1C /* Negotio.app */;
			productType = "com.apple.product-type.application";
		};
/* End PBXNativeTarget section */

/* Begin PBXProject section */
		B2A90BEA28E18CA800650F1C /* Project object */ = {
			isa = PBXProject;
			attributes = {
				BuildIndependentTargetsInParallel = 1;
				LastSwiftUpdateCheck = 1400;
				LastUpgradeCheck = 1400;
				TargetAttributes = {
					B2A90BF128E18CA800650F1C = {
						CreatedOnToolsVersion = 14.0;
					};
				};
			};
			buildConfigurationList = B2A90BED28E18CA800650F1C /* Build configuration list for PBXProject "macroProject" */;
			compatibilityVersion = "Xcode 14.0";
			developmentRegion = en;
			hasScannedForEncodings = 0;
			knownRegions = (
				en,
				Base,
			);
			mainGroup = B2A90BE928E18CA800650F1C;
			packageReferences = (
				90BAE1BE29015E10002B9889 /* XCRemoteSwiftPackageReference "AlertX" */,
			);
			productRefGroup = B2A90BF328E18CA800650F1C /* Products */;
			projectDirPath = "";
			projectRoot = "";
			targets = (
				B2A90BF128E18CA800650F1C /* macroProject */,
			);
		};
/* End PBXProject section */

/* Begin PBXResourcesBuildPhase section */
		B2A90BF028E18CA800650F1C /* Resources */ = {
			isa = PBXResourcesBuildPhase;
			buildActionMask = 2147483647;
			files = (
				9073802E292289E200765E05 /* false.wav in Resources */,
				B2A90BFD28E18CA900650F1C /* Preview Assets.xcassets in Resources */,
				B2B9FAC329239A8D005E87D2 /* no_medal.gif in Resources */,
				B2A90BFA28E18CA900650F1C /* Assets.xcassets in Resources */,
				9073802D292289E200765E05 /* correct.wav in Resources */,
				B2B9FAC129239A8D005E87D2 /* full_medal.gif in Resources */,
				B264AA1A29293EAB0094ECE0 /* lari100%.gif in Resources */,
				B2B9FAC229239A8D005E87D2 /* half_medal.gif in Resources */,
			);
			runOnlyForDeploymentPostprocessing = 0;
		};
/* End PBXResourcesBuildPhase section */

/* Begin PBXSourcesBuildPhase section */
		B2A90BEE28E18CA800650F1C /* Sources */ = {
			isa = PBXSourcesBuildPhase;
			buildActionMask = 2147483647;
			files = (
				90776D2F291CE66100B04006 /* testSoundView.swift in Sources */,
				B2CF226629078A1700C08247 /* ConfidenceFeedback.swift in Sources */,
				90BAE1B529015C4C002B9889 /* backgroundview.swift in Sources */,
				90776D2C291CE62500B04006 /* VisualBarView.swift in Sources */,
				B222286C29068AD300E8F30D /* MatrixFeedback.swift in Sources */,
				90BAE1BA29015C89002B9889 /* SwiftUISpeech.swift in Sources */,
				0908675329278F0E000B8951 /* Loading.swift in Sources */,
				90776D25291A426300B04006 /* testView.swift in Sources */,
				B2C62CC028E6E8D30004B988 /* TutorialView.swift in Sources */,
				B2C62CC228E6E8DD0004B988 /* HistoryView.swift in Sources */,
				B2825024290011DA00450060 /* TheoryMatrixView.swift in Sources */,
				B28DE561291E276C00FAD855 /* GifImage.swift in Sources */,
				B2A90BFF28E18CA900650F1C /* Persistence.swift in Sources */,
				B282501A28FE90DE00450060 /* TheoryKnowledgeView.swift in Sources */,
				B282501C28FE910600450060 /* Knowledge.swift in Sources */,
				9073804F2926151500765E05 /* historyFeedbackView.swift in Sources */,
				90BAE1B729015C60002B9889 /* storyDetailData.swift in Sources */,
				B26DC7D8291933E100FF5688 /* NetworkMonitor.swift in Sources */,
				B28DE56B292230B200FAD855 /* LoopingPlayer.swift in Sources */,
				B20B2D8828E6B7EB007E690D /* TheoryView.swift in Sources */,
				90BAE1BC29015CF7002B9889 /* SpeechButton.swift in Sources */,
				90776D2B291CE62500B04006 /* MicManager.swift in Sources */,
				90BAE1C629016042002B9889 /* NegotiationView.swift in Sources */,
				B2A90BF828E18CA800650F1C /* ContentView.swift in Sources */,
				B2825020290010D500450060 /* Matrix.swift in Sources */,
				90BAE1B329015C3C002B9889 /* storyData.swift in Sources */,
				90776D28291A427D00B04006 /* testDataView.swift in Sources */,
				B2A90C0228E18CA900650F1C /* macroProject.xcdatamodeld in Sources */,
				B2A90C0D28E2DDBE00650F1C /* HomeView.swift in Sources */,
				B2A90BF628E18CA800650F1C /* macroProjectApp.swift in Sources */,
				90BAE1C229015EE3002B9889 /* feedbackView.swift in Sources */,
			);
			runOnlyForDeploymentPostprocessing = 0;
		};
/* End PBXSourcesBuildPhase section */

/* Begin XCBuildConfiguration section */
		B2A90C0328E18CA900650F1C /* Debug */ = {
			isa = XCBuildConfiguration;
			buildSettings = {
				ALWAYS_SEARCH_USER_PATHS = NO;
				CLANG_ANALYZER_NONNULL = YES;
				CLANG_ANALYZER_NUMBER_OBJECT_CONVERSION = YES_AGGRESSIVE;
				CLANG_CXX_LANGUAGE_STANDARD = "gnu++20";
				CLANG_ENABLE_MODULES = YES;
				CLANG_ENABLE_OBJC_ARC = YES;
				CLANG_ENABLE_OBJC_WEAK = YES;
				CLANG_WARN_BLOCK_CAPTURE_AUTORELEASING = YES;
				CLANG_WARN_BOOL_CONVERSION = YES;
				CLANG_WARN_COMMA = YES;
				CLANG_WARN_CONSTANT_CONVERSION = YES;
				CLANG_WARN_DEPRECATED_OBJC_IMPLEMENTATIONS = YES;
				CLANG_WARN_DIRECT_OBJC_ISA_USAGE = YES_ERROR;
				CLANG_WARN_DOCUMENTATION_COMMENTS = YES;
				CLANG_WARN_EMPTY_BODY = YES;
				CLANG_WARN_ENUM_CONVERSION = YES;
				CLANG_WARN_INFINITE_RECURSION = YES;
				CLANG_WARN_INT_CONVERSION = YES;
				CLANG_WARN_NON_LITERAL_NULL_CONVERSION = YES;
				CLANG_WARN_OBJC_IMPLICIT_RETAIN_SELF = YES;
				CLANG_WARN_OBJC_LITERAL_CONVERSION = YES;
				CLANG_WARN_OBJC_ROOT_CLASS = YES_ERROR;
				CLANG_WARN_QUOTED_INCLUDE_IN_FRAMEWORK_HEADER = YES;
				CLANG_WARN_RANGE_LOOP_ANALYSIS = YES;
				CLANG_WARN_STRICT_PROTOTYPES = YES;
				CLANG_WARN_SUSPICIOUS_MOVE = YES;
				CLANG_WARN_UNGUARDED_AVAILABILITY = YES_AGGRESSIVE;
				CLANG_WARN_UNREACHABLE_CODE = YES;
				CLANG_WARN__DUPLICATE_METHOD_MATCH = YES;
				COPY_PHASE_STRIP = NO;
				DEBUG_INFORMATION_FORMAT = dwarf;
				ENABLE_STRICT_OBJC_MSGSEND = YES;
				ENABLE_TESTABILITY = YES;
				GCC_C_LANGUAGE_STANDARD = gnu11;
				GCC_DYNAMIC_NO_PIC = NO;
				GCC_NO_COMMON_BLOCKS = YES;
				GCC_OPTIMIZATION_LEVEL = 0;
				GCC_PREPROCESSOR_DEFINITIONS = (
					"DEBUG=1",
					"$(inherited)",
				);
				GCC_WARN_64_TO_32_BIT_CONVERSION = YES;
				GCC_WARN_ABOUT_RETURN_TYPE = YES_ERROR;
				GCC_WARN_UNDECLARED_SELECTOR = YES;
				GCC_WARN_UNINITIALIZED_AUTOS = YES_AGGRESSIVE;
				GCC_WARN_UNUSED_FUNCTION = YES;
				GCC_WARN_UNUSED_VARIABLE = YES;
				IPHONEOS_DEPLOYMENT_TARGET = 16.0;
				MTL_ENABLE_DEBUG_INFO = INCLUDE_SOURCE;
				MTL_FAST_MATH = YES;
				ONLY_ACTIVE_ARCH = YES;
				SDKROOT = iphoneos;
				SWIFT_ACTIVE_COMPILATION_CONDITIONS = DEBUG;
				SWIFT_OPTIMIZATION_LEVEL = "-Onone";
			};
			name = Debug;
		};
		B2A90C0428E18CA900650F1C /* Release */ = {
			isa = XCBuildConfiguration;
			buildSettings = {
				ALWAYS_SEARCH_USER_PATHS = NO;
				CLANG_ANALYZER_NONNULL = YES;
				CLANG_ANALYZER_NUMBER_OBJECT_CONVERSION = YES_AGGRESSIVE;
				CLANG_CXX_LANGUAGE_STANDARD = "gnu++20";
				CLANG_ENABLE_MODULES = YES;
				CLANG_ENABLE_OBJC_ARC = YES;
				CLANG_ENABLE_OBJC_WEAK = YES;
				CLANG_WARN_BLOCK_CAPTURE_AUTORELEASING = YES;
				CLANG_WARN_BOOL_CONVERSION = YES;
				CLANG_WARN_COMMA = YES;
				CLANG_WARN_CONSTANT_CONVERSION = YES;
				CLANG_WARN_DEPRECATED_OBJC_IMPLEMENTATIONS = YES;
				CLANG_WARN_DIRECT_OBJC_ISA_USAGE = YES_ERROR;
				CLANG_WARN_DOCUMENTATION_COMMENTS = YES;
				CLANG_WARN_EMPTY_BODY = YES;
				CLANG_WARN_ENUM_CONVERSION = YES;
				CLANG_WARN_INFINITE_RECURSION = YES;
				CLANG_WARN_INT_CONVERSION = YES;
				CLANG_WARN_NON_LITERAL_NULL_CONVERSION = YES;
				CLANG_WARN_OBJC_IMPLICIT_RETAIN_SELF = YES;
				CLANG_WARN_OBJC_LITERAL_CONVERSION = YES;
				CLANG_WARN_OBJC_ROOT_CLASS = YES_ERROR;
				CLANG_WARN_QUOTED_INCLUDE_IN_FRAMEWORK_HEADER = YES;
				CLANG_WARN_RANGE_LOOP_ANALYSIS = YES;
				CLANG_WARN_STRICT_PROTOTYPES = YES;
				CLANG_WARN_SUSPICIOUS_MOVE = YES;
				CLANG_WARN_UNGUARDED_AVAILABILITY = YES_AGGRESSIVE;
				CLANG_WARN_UNREACHABLE_CODE = YES;
				CLANG_WARN__DUPLICATE_METHOD_MATCH = YES;
				COPY_PHASE_STRIP = NO;
				DEBUG_INFORMATION_FORMAT = "dwarf-with-dsym";
				ENABLE_NS_ASSERTIONS = NO;
				ENABLE_STRICT_OBJC_MSGSEND = YES;
				GCC_C_LANGUAGE_STANDARD = gnu11;
				GCC_NO_COMMON_BLOCKS = YES;
				GCC_WARN_64_TO_32_BIT_CONVERSION = YES;
				GCC_WARN_ABOUT_RETURN_TYPE = YES_ERROR;
				GCC_WARN_UNDECLARED_SELECTOR = YES;
				GCC_WARN_UNINITIALIZED_AUTOS = YES_AGGRESSIVE;
				GCC_WARN_UNUSED_FUNCTION = YES;
				GCC_WARN_UNUSED_VARIABLE = YES;
				IPHONEOS_DEPLOYMENT_TARGET = 16.0;
				MTL_ENABLE_DEBUG_INFO = NO;
				MTL_FAST_MATH = YES;
				SDKROOT = iphoneos;
				SWIFT_COMPILATION_MODE = wholemodule;
				SWIFT_OPTIMIZATION_LEVEL = "-O";
				VALIDATE_PRODUCT = YES;
			};
			name = Release;
		};
		B2A90C0628E18CA900650F1C /* Debug */ = {
			isa = XCBuildConfiguration;
			buildSettings = {
				ASSETCATALOG_COMPILER_APPICON_NAME = AppIcon;
				ASSETCATALOG_COMPILER_GLOBAL_ACCENT_COLOR_NAME = AccentColor;
				CODE_SIGN_STYLE = Automatic;
				CURRENT_PROJECT_VERSION = 1;
				DEVELOPMENT_ASSET_PATHS = "\"macroProject/Preview Content\"";
				DEVELOPMENT_TEAM = 7PBR2Z4WU4;
				ENABLE_PREVIEWS = YES;
				GENERATE_INFOPLIST_FILE = YES;
				INFOPLIST_KEY_NSMicrophoneUsageDescription = "Accepting this means you are willing to have your information sent to Apple for processing";
				INFOPLIST_KEY_NSSpeechRecognitionUsageDescription = "Accepting this means you are willing to have your information sent to Apple for processing";
				INFOPLIST_KEY_UIApplicationSceneManifest_Generation = YES;
				INFOPLIST_KEY_UIApplicationSupportsIndirectInputEvents = YES;
				INFOPLIST_KEY_UILaunchScreen_Generation = YES;
				INFOPLIST_KEY_UISupportedInterfaceOrientations = UIInterfaceOrientationPortrait;
				LD_RUNPATH_SEARCH_PATHS = (
					"$(inherited)",
					"@executable_path/Frameworks",
				);
				MARKETING_VERSION = 1.2;
				PRODUCT_BUNDLE_IDENTIFIER = com.macroProject;
				PRODUCT_NAME = Negotio;
				SUPPORTED_PLATFORMS = "iphoneos iphonesimulator";
				SUPPORTS_MACCATALYST = NO;
				SUPPORTS_MAC_DESIGNED_FOR_IPHONE_IPAD = NO;
				SWIFT_EMIT_LOC_STRINGS = YES;
				SWIFT_VERSION = 5.0;
				TARGETED_DEVICE_FAMILY = 1;
			};
			name = Debug;
		};
		B2A90C0728E18CA900650F1C /* Release */ = {
			isa = XCBuildConfiguration;
			buildSettings = {
				ASSETCATALOG_COMPILER_APPICON_NAME = AppIcon;
				ASSETCATALOG_COMPILER_GLOBAL_ACCENT_COLOR_NAME = AccentColor;
				CODE_SIGN_STYLE = Automatic;
				CURRENT_PROJECT_VERSION = 1;
				DEVELOPMENT_ASSET_PATHS = "\"macroProject/Preview Content\"";
				DEVELOPMENT_TEAM = 7PBR2Z4WU4;
				ENABLE_PREVIEWS = YES;
				GENERATE_INFOPLIST_FILE = YES;
				INFOPLIST_KEY_NSMicrophoneUsageDescription = "Accepting this means you are willing to have your information sent to Apple for processing";
				INFOPLIST_KEY_NSSpeechRecognitionUsageDescription = "Accepting this means you are willing to have your information sent to Apple for processing";
				INFOPLIST_KEY_UIApplicationSceneManifest_Generation = YES;
				INFOPLIST_KEY_UIApplicationSupportsIndirectInputEvents = YES;
				INFOPLIST_KEY_UILaunchScreen_Generation = YES;
				INFOPLIST_KEY_UISupportedInterfaceOrientations = UIInterfaceOrientationPortrait;
				LD_RUNPATH_SEARCH_PATHS = (
					"$(inherited)",
					"@executable_path/Frameworks",
				);
				MARKETING_VERSION = 1.2;
				PRODUCT_BUNDLE_IDENTIFIER = com.macroProject;
				PRODUCT_NAME = Negotio;
				SUPPORTED_PLATFORMS = "iphoneos iphonesimulator";
				SUPPORTS_MACCATALYST = NO;
				SUPPORTS_MAC_DESIGNED_FOR_IPHONE_IPAD = NO;
				SWIFT_EMIT_LOC_STRINGS = YES;
				SWIFT_VERSION = 5.0;
				TARGETED_DEVICE_FAMILY = 1;
			};
			name = Release;
		};
/* End XCBuildConfiguration section */

/* Begin XCConfigurationList section */
		B2A90BED28E18CA800650F1C /* Build configuration list for PBXProject "macroProject" */ = {
			isa = XCConfigurationList;
			buildConfigurations = (
				B2A90C0328E18CA900650F1C /* Debug */,
				B2A90C0428E18CA900650F1C /* Release */,
			);
			defaultConfigurationIsVisible = 0;
			defaultConfigurationName = Release;
		};
		B2A90C0528E18CA900650F1C /* Build configuration list for PBXNativeTarget "macroProject" */ = {
			isa = XCConfigurationList;
			buildConfigurations = (
				B2A90C0628E18CA900650F1C /* Debug */,
				B2A90C0728E18CA900650F1C /* Release */,
			);
			defaultConfigurationIsVisible = 0;
			defaultConfigurationName = Release;
		};
/* End XCConfigurationList section */

/* Begin XCRemoteSwiftPackageReference section */
		90BAE1BE29015E10002B9889 /* XCRemoteSwiftPackageReference "AlertX" */ = {
			isa = XCRemoteSwiftPackageReference;
			repositoryURL = "https://github.com/neel-makhecha/AlertX.git";
			requirement = {
				kind = upToNextMajorVersion;
				minimumVersion = 1.0.0;
			};
		};
/* End XCRemoteSwiftPackageReference section */

/* Begin XCSwiftPackageProductDependency section */
		90BAE1BF29015E10002B9889 /* AlertX */ = {
			isa = XCSwiftPackageProductDependency;
			package = 90BAE1BE29015E10002B9889 /* XCRemoteSwiftPackageReference "AlertX" */;
			productName = AlertX;
		};
/* End XCSwiftPackageProductDependency section */

/* Begin XCVersionGroup section */
		B2A90C0028E18CA900650F1C /* macroProject.xcdatamodeld */ = {
			isa = XCVersionGroup;
			children = (
				B2A90C0128E18CA900650F1C /* macroProject.xcdatamodel */,
			);
			currentVersion = B2A90C0128E18CA900650F1C /* macroProject.xcdatamodel */;
			path = macroProject.xcdatamodeld;
			sourceTree = "<group>";
			versionGroupType = wrapper.xcdatamodel;
		};
/* End XCVersionGroup section */
	};
	rootObject = B2A90BEA28E18CA800650F1C /* Project object */;
}
